
Microsoft Visual Studio Solution File, Format Version 12.00
# Visual Studio Version 16
VisualStudioVersion = 16.0.31424.327
MinimumVisualStudioVersion = 10.0.40219.1
Project("{FAE04EC0-301F-11D3-BF4B-00C04F79EFBC}") = "test-sap", "test-sap\test-sap.csproj", "{AE2F6556-34E1-462C-9FD5-BA992BC9287A}"
EndProject
Global
	GlobalSection(SolutionConfigurationPlatforms) = preSolution
		Debug|Any CPU = Debug|Any CPU
		Release|Any CPU = Release|Any CPU
	EndGlobalSection
	GlobalSection(ProjectConfigurationPlatforms) = postSolution
		{AE2F6556-34E1-462C-9FD5-BA992BC9287A}.Debug|Any CPU.ActiveCfg = Debug|Any CPU
		{AE2F6556-34E1-462C-9FD5-BA992BC9287A}.Debug|Any CPU.Build.0 = Debug|Any CPU
		{AE2F6556-34E1-462C-9FD5-BA992BC9287A}.Release|Any CPU.ActiveCfg = Release|Any CPU
		{AE2F6556-34E1-462C-9FD5-BA992BC9287A}.Release|Any CPU.Build.0 = Release|Any CPU
	EndGlobalSection
	GlobalSection(SolutionProperties) = preSolution
		HideSolutionNode = FALSE
	EndGlobalSection
	GlobalSection(ExtensibilityGlobals) = postSolution
		SolutionGuid = {E500C1ED-9BF2-487C-AC86-7EC09842492A}
	EndGlobalSection
EndGlobal
